
Microsoft Visual Studio Solution File, Format Version 12.00
# Visual Studio Version 17
VisualStudioVersion = 17.7.34031.279
MinimumVisualStudioVersion = 10.0.40219.1
Project("{8BC9CEB8-8B4A-11D0-8D11-00A0C91BC942}") = "Clock_Backend", "Clock_Backend\Clock_Backend.vcxproj", "{793F5B90-7DEE-4CE7-8AA1-35CFD125D7FE}"
EndProject
Project("{8BC9CEB8-8B4A-11D0-8D11-00A0C91BC942}") = "Clock_Frontend", "Clock_Frontend\Clock.vcxproj", "{8547EDC6-9C4F-4319-A9FC-D31069338EA6}"
EndProject
Project("{8BC9CEB8-8B4A-11D0-8D11-00A0C91BC942}") = "Qt_Clock", "Qt_Clock\Qt_Clock.vcxproj", "{6253CB85-ECE9-39CA-8EAC-DB889143CA24}"
EndProject
Global
	GlobalSection(SolutionConfigurationPlatforms) = preSolution
		Debug|x64 = Debug|x64
		Release|x64 = Release|x64
	EndGlobalSection
	GlobalSection(ProjectConfigurationPlatforms) = postSolution
		{793F5B90-7DEE-4CE7-8AA1-35CFD125D7FE}.Debug|x64.ActiveCfg = Debug|x64
		{793F5B90-7DEE-4CE7-8AA1-35CFD125D7FE}.Debug|x64.Build.0 = Debug|x64
		{793F5B90-7DEE-4CE7-8AA1-35CFD125D7FE}.Release|x64.ActiveCfg = Release|x64
		{793F5B90-7DEE-4CE7-8AA1-35CFD125D7FE}.Release|x64.Build.0 = Release|x64
		{8547EDC6-9C4F-4319-A9FC-D31069338EA6}.Debug|x64.ActiveCfg = Debug|x64
		{8547EDC6-9C4F-4319-A9FC-D31069338EA6}.Debug|x64.Build.0 = Debug|x64
		{8547EDC6-9C4F-4319-A9FC-D31069338EA6}.Release|x64.ActiveCfg = Release|x64
		{8547EDC6-9C4F-4319-A9FC-D31069338EA6}.Release|x64.Build.0 = Release|x64
		{6253CB85-ECE9-39CA-8EAC-DB889143CA24}.Debug|x64.ActiveCfg = Debug|x64
		{6253CB85-ECE9-39CA-8EAC-DB889143CA24}.Debug|x64.Build.0 = Debug|x64
		{6253CB85-ECE9-39CA-8EAC-DB889143CA24}.Release|x64.ActiveCfg = Release|x64
		{6253CB85-ECE9-39CA-8EAC-DB889143CA24}.Release|x64.Build.0 = Release|x64
	EndGlobalSection
	GlobalSection(SolutionProperties) = preSolution
		HideSolutionNode = FALSE
	EndGlobalSection
	GlobalSection(ExtensibilityGlobals) = postSolution
		SolutionGuid = {D9591A07-3238-4F9D-916F-75C37E0FA981}
	EndGlobalSection
EndGlobal
